
Microsoft Visual Studio Solution File, Format Version 12.00
# Visual Studio Version 16
VisualStudioVersion = 16.0.30002.166
MinimumVisualStudioVersion = 10.0.40219.1
Project("{FAE04EC0-301F-11D3-BF4B-00C04F79EFBC}") = "MorgenmadsBuffet", "MorgenmadsBuffet\MorgenmadsBuffet.csproj", "{8056DD59-D33D-46A3-BF1E-9DC9D646A16B}"
EndProject
Global
	GlobalSection(SolutionConfigurationPlatforms) = preSolution
		Debug|Any CPU = Debug|Any CPU
		Release|Any CPU = Release|Any CPU
	EndGlobalSection
	GlobalSection(ProjectConfigurationPlatforms) = postSolution
		{8056DD59-D33D-46A3-BF1E-9DC9D646A16B}.Debug|Any CPU.ActiveCfg = Debug|Any CPU
		{8056DD59-D33D-46A3-BF1E-9DC9D646A16B}.Debug|Any CPU.Build.0 = Debug|Any CPU
		{8056DD59-D33D-46A3-BF1E-9DC9D646A16B}.Release|Any CPU.ActiveCfg = Release|Any CPU
		{8056DD59-D33D-46A3-BF1E-9DC9D646A16B}.Release|Any CPU.Build.0 = Release|Any CPU
	EndGlobalSection
	GlobalSection(SolutionProperties) = preSolution
		HideSolutionNode = FALSE
	EndGlobalSection
	GlobalSection(ExtensibilityGlobals) = postSolution
		SolutionGuid = {44F91B3E-0D70-4233-8B22-852F14C9C648}
	EndGlobalSection
EndGlobal
